
Microsoft Visual Studio Solution File, Format Version 12.00
# Visual Studio Version 17
VisualStudioVersion = 17.1.32120.378
MinimumVisualStudioVersion = 10.0.40219.1
Project("{9A19103F-16F7-4668-BE54-9A1E7A4F7556}") = "ProjectOne", "ProjectOne\ProjectOne.csproj", "{4E333977-35D8-4CCE-841B-FFE759216C2B}"
EndProject
Project("{9A19103F-16F7-4668-BE54-9A1E7A4F7556}") = "ProjectHR", "ProjectHR\ProjectHR.csproj", "{9C455B53-4995-48F9-ACD4-F1BB6AAAA991}"
EndProject
Project("{9A19103F-16F7-4668-BE54-9A1E7A4F7556}") = "Inhertitance_Problem", "Inhertitance_Problem\Inhertitance_Problem.csproj", "{98212EAB-F74F-4F8A-9FF6-EC438C9ED0A5}"
EndProject
Project("{9A19103F-16F7-4668-BE54-9A1E7A4F7556}") = "Interface_Project", "Interface_Project\Interface_Project.csproj", "{7B90C8D1-939B-4322-BF31-56D22E89F165}"
EndProject
Project("{9A19103F-16F7-4668-BE54-9A1E7A4F7556}") = "Enumerators_Iterators", "Enumerators_Iterators\Enumerators_Iterators.csproj", "{86980746-EFA7-46F6-A929-64B8F6BC6801}"
EndProject
Project("{9A19103F-16F7-4668-BE54-9A1E7A4F7556}") = "Extension_Method", "Extension_Method\Extension_Method.csproj", "{8F938F57-2F34-4BDF-B6CA-33855AC6A11A}"
EndProject
Project("{9A19103F-16F7-4668-BE54-9A1E7A4F7556}") = "Assemblies", "Assemblies\Assemblies.csproj", "{37F91505-D8C2-4CED-A1C1-A6C1C807787D}"
EndProject
Project("{9A19103F-16F7-4668-BE54-9A1E7A4F7556}") = "ReflectionAndMetaData", "ReflectionAndMetaData\ReflectionAndMetaData.csproj", "{235A8396-BEFA-4F76-B8DC-7096529C04BF}"
EndProject
Project("{9A19103F-16F7-4668-BE54-9A1E7A4F7556}") = "Arrays", "Arrays\Arrays.csproj", "{8771A0D3-0ECC-4668-8D4A-F4ACA44A5825}"
EndProject
Project("{9A19103F-16F7-4668-BE54-9A1E7A4F7556}") = "Expressions", "Expressions\Expressions.csproj", "{46ACAF75-AC1F-427E-A9BA-42C585BEF697}"
EndProject
Project("{9A19103F-16F7-4668-BE54-9A1E7A4F7556}") = "casting_And_typeConversion", "casting_And_typeConversion\casting_And_typeConversion.csproj", "{58833719-67C0-4FB2-A8B5-D100B2C82F15}"
EndProject
Project("{9A19103F-16F7-4668-BE54-9A1E7A4F7556}") = "OOP", "OOP\OOP.csproj", "{872F39E7-36A1-49B3-9B70-8593A4488EC1}"
EndProject
Project("{9A19103F-16F7-4668-BE54-9A1E7A4F7556}") = "Methods", "Methods\Methods.csproj", "{3FAEE4D9-1542-4264-B89C-2251EBBFBD6C}"
EndProject
Project("{9A19103F-16F7-4668-BE54-9A1E7A4F7556}") = "Constructors", "Constructors\Constructors.csproj", "{AEDBA1EA-B426-480A-8893-5E4C2ED6C761}"
EndProject
Project("{9A19103F-16F7-4668-BE54-9A1E7A4F7556}") = "property_And_Encapsulation", "property_And_Encapsulation\property_And_Encapsulation.csproj", "{264312CF-A7BC-46D2-9794-87D1EDAA9B38}"
EndProject
Project("{9A19103F-16F7-4668-BE54-9A1E7A4F7556}") = "Delegates", "Delegates\Delegates.csproj", "{250C8604-7BC6-49E1-86D2-F2DFFD279333}"
EndProject
Project("{9A19103F-16F7-4668-BE54-9A1E7A4F7556}") = "Events", "Events\Events.csproj", "{F345835A-0EC7-4EBD-ADDE-FD5199378593}"
EndProject
Project("{9A19103F-16F7-4668-BE54-9A1E7A4F7556}") = "operatorOverloading", "operatorOverloading\operatorOverloading.csproj", "{FC8AB729-A726-4AA0-83FA-D0D3E2BEBA72}"
EndProject
Project("{9A19103F-16F7-4668-BE54-9A1E7A4F7556}") = "ENUM", "ENUM\ENUM.csproj", "{4F5D1E36-8948-412E-A5F7-616466A05A57}"
EndProject
Project("{9A19103F-16F7-4668-BE54-9A1E7A4F7556}") = "Inheritance", "Inheritance\Inheritance.csproj", "{EEEFDCAE-9207-4271-95F2-5042752493BE}"
EndProject
Project("{9A19103F-16F7-4668-BE54-9A1E7A4F7556}") = "Attributes", "Attributes\Attributes.csproj", "{DF67EE4A-D5AE-4B1C-AC78-89BE210C9A8B}"
EndProject
Project("{9A19103F-16F7-4668-BE54-9A1E7A4F7556}") = "lists_And_Dictionaries", "lists_And_Dictionaries\lists_And_Dictionaries.csproj", "{A7646A1E-2479-4ED4-A575-180F2949D9EA}"
EndProject
Project("{9A19103F-16F7-4668-BE54-9A1E7A4F7556}") = "Stack", "Stack\Stack.csproj", "{1AF554FF-7351-450A-9957-940D357795F5}"
EndProject
Project("{9A19103F-16F7-4668-BE54-9A1E7A4F7556}") = "Queue", "Queue\Queue.csproj", "{CCE607D8-DF48-4959-842F-DCF07D8FA38A}"
EndProject
Project("{9A19103F-16F7-4668-BE54-9A1E7A4F7556}") = "Linked_Lists", "Linked_Lists\Linked_Lists.csproj", "{3178C244-D256-4942-A32A-0E223CA2DF91}"
EndProject
Project("{9A19103F-16F7-4668-BE54-9A1E7A4F7556}") = "SortedList_And_HashSet", "SortedList_And_HashSet\SortedList_And_HashSet.csproj", "{8259140C-99E7-4704-B94C-236BCB37D268}"
EndProject
Project("{9A19103F-16F7-4668-BE54-9A1E7A4F7556}") = "Stream_IO", "Stream_IO\Stream_IO.csproj", "{0D4D7018-7A89-45EF-A65D-37FBEE3721EF}"
EndProject
Project("{9A19103F-16F7-4668-BE54-9A1E7A4F7556}") = "Threading", "Threading\Threading.csproj", "{375F5B18-965E-4CE4-B964-7F5102730264}"
EndProject
Project("{9A19103F-16F7-4668-BE54-9A1E7A4F7556}") = "Asynchronous", "Asynchronous\Asynchronous.csproj", "{49347BE6-A7F7-4E7B-8054-CFAE4B6A7DBE}"
EndProject
Project("{FAE04EC0-301F-11D3-BF4B-00C04F79EFBC}") = "Yield_Deep_Dive", "Yield_Deep_Dive\Yield_Deep_Dive.csproj", "{FA6425BF-E61A-4333-9BD1-B915CDC61562}"
EndProject
Global
	GlobalSection(SolutionConfigurationPlatforms) = preSolution
		Debug|Any CPU = Debug|Any CPU
		Release|Any CPU = Release|Any CPU
	EndGlobalSection
	GlobalSection(ProjectConfigurationPlatforms) = postSolution
		{4E333977-35D8-4CCE-841B-FFE759216C2B}.Debug|Any CPU.ActiveCfg = Debug|Any CPU
		{4E333977-35D8-4CCE-841B-FFE759216C2B}.Debug|Any CPU.Build.0 = Debug|Any CPU
		{4E333977-35D8-4CCE-841B-FFE759216C2B}.Release|Any CPU.ActiveCfg = Release|Any CPU
		{4E333977-35D8-4CCE-841B-FFE759216C2B}.Release|Any CPU.Build.0 = Release|Any CPU
		{9C455B53-4995-48F9-ACD4-F1BB6AAAA991}.Debug|Any CPU.ActiveCfg = Debug|Any CPU
		{9C455B53-4995-48F9-ACD4-F1BB6AAAA991}.Debug|Any CPU.Build.0 = Debug|Any CPU
		{9C455B53-4995-48F9-ACD4-F1BB6AAAA991}.Release|Any CPU.ActiveCfg = Release|Any CPU
		{9C455B53-4995-48F9-ACD4-F1BB6AAAA991}.Release|Any CPU.Build.0 = Release|Any CPU
		{98212EAB-F74F-4F8A-9FF6-EC438C9ED0A5}.Debug|Any CPU.ActiveCfg = Debug|Any CPU
		{98212EAB-F74F-4F8A-9FF6-EC438C9ED0A5}.Debug|Any CPU.Build.0 = Debug|Any CPU
		{98212EAB-F74F-4F8A-9FF6-EC438C9ED0A5}.Release|Any CPU.ActiveCfg = Release|Any CPU
		{98212EAB-F74F-4F8A-9FF6-EC438C9ED0A5}.Release|Any CPU.Build.0 = Release|Any CPU
		{7B90C8D1-939B-4322-BF31-56D22E89F165}.Debug|Any CPU.ActiveCfg = Debug|Any CPU
		{7B90C8D1-939B-4322-BF31-56D22E89F165}.Debug|Any CPU.Build.0 = Debug|Any CPU
		{7B90C8D1-939B-4322-BF31-56D22E89F165}.Release|Any CPU.ActiveCfg = Release|Any CPU
		{7B90C8D1-939B-4322-BF31-56D22E89F165}.Release|Any CPU.Build.0 = Release|Any CPU
		{86980746-EFA7-46F6-A929-64B8F6BC6801}.Debug|Any CPU.ActiveCfg = Debug|Any CPU
		{86980746-EFA7-46F6-A929-64B8F6BC6801}.Debug|Any CPU.Build.0 = Debug|Any CPU
		{86980746-EFA7-46F6-A929-64B8F6BC6801}.Release|Any CPU.ActiveCfg = Release|Any CPU
		{86980746-EFA7-46F6-A929-64B8F6BC6801}.Release|Any CPU.Build.0 = Release|Any CPU
		{8F938F57-2F34-4BDF-B6CA-33855AC6A11A}.Debug|Any CPU.ActiveCfg = Debug|Any CPU
		{8F938F57-2F34-4BDF-B6CA-33855AC6A11A}.Debug|Any CPU.Build.0 = Debug|Any CPU
		{8F938F57-2F34-4BDF-B6CA-33855AC6A11A}.Release|Any CPU.ActiveCfg = Release|Any CPU
		{8F938F57-2F34-4BDF-B6CA-33855AC6A11A}.Release|Any CPU.Build.0 = Release|Any CPU
		{37F91505-D8C2-4CED-A1C1-A6C1C807787D}.Debug|Any CPU.ActiveCfg = Debug|Any CPU
		{37F91505-D8C2-4CED-A1C1-A6C1C807787D}.Debug|Any CPU.Build.0 = Debug|Any CPU
		{37F91505-D8C2-4CED-A1C1-A6C1C807787D}.Release|Any CPU.ActiveCfg = Release|Any CPU
		{37F91505-D8C2-4CED-A1C1-A6C1C807787D}.Release|Any CPU.Build.0 = Release|Any CPU
		{235A8396-BEFA-4F76-B8DC-7096529C04BF}.Debug|Any CPU.ActiveCfg = Debug|Any CPU
		{235A8396-BEFA-4F76-B8DC-7096529C04BF}.Debug|Any CPU.Build.0 = Debug|Any CPU
		{235A8396-BEFA-4F76-B8DC-7096529C04BF}.Release|Any CPU.ActiveCfg = Release|Any CPU
		{235A8396-BEFA-4F76-B8DC-7096529C04BF}.Release|Any CPU.Build.0 = Release|Any CPU
		{8771A0D3-0ECC-4668-8D4A-F4ACA44A5825}.Debug|Any CPU.ActiveCfg = Debug|Any CPU
		{8771A0D3-0ECC-4668-8D4A-F4ACA44A5825}.Debug|Any CPU.Build.0 = Debug|Any CPU
		{8771A0D3-0ECC-4668-8D4A-F4ACA44A5825}.Release|Any CPU.ActiveCfg = Release|Any CPU
		{8771A0D3-0ECC-4668-8D4A-F4ACA44A5825}.Release|Any CPU.Build.0 = Release|Any CPU
		{46ACAF75-AC1F-427E-A9BA-42C585BEF697}.Debug|Any CPU.ActiveCfg = Debug|Any CPU
		{46ACAF75-AC1F-427E-A9BA-42C585BEF697}.Debug|Any CPU.Build.0 = Debug|Any CPU
		{46ACAF75-AC1F-427E-A9BA-42C585BEF697}.Release|Any CPU.ActiveCfg = Release|Any CPU
		{46ACAF75-AC1F-427E-A9BA-42C585BEF697}.Release|Any CPU.Build.0 = Release|Any CPU
		{58833719-67C0-4FB2-A8B5-D100B2C82F15}.Debug|Any CPU.ActiveCfg = Debug|Any CPU
		{58833719-67C0-4FB2-A8B5-D100B2C82F15}.Debug|Any CPU.Build.0 = Debug|Any CPU
		{58833719-67C0-4FB2-A8B5-D100B2C82F15}.Release|Any CPU.ActiveCfg = Release|Any CPU
		{58833719-67C0-4FB2-A8B5-D100B2C82F15}.Release|Any CPU.Build.0 = Release|Any CPU
		{872F39E7-36A1-49B3-9B70-8593A4488EC1}.Debug|Any CPU.ActiveCfg = Debug|Any CPU
		{872F39E7-36A1-49B3-9B70-8593A4488EC1}.Debug|Any CPU.Build.0 = Debug|Any CPU
		{872F39E7-36A1-49B3-9B70-8593A4488EC1}.Release|Any CPU.ActiveCfg = Release|Any CPU
		{872F39E7-36A1-49B3-9B70-8593A4488EC1}.Release|Any CPU.Build.0 = Release|Any CPU
		{3FAEE4D9-1542-4264-B89C-2251EBBFBD6C}.Debug|Any CPU.ActiveCfg = Debug|Any CPU
		{3FAEE4D9-1542-4264-B89C-2251EBBFBD6C}.Debug|Any CPU.Build.0 = Debug|Any CPU
		{3FAEE4D9-1542-4264-B89C-2251EBBFBD6C}.Release|Any CPU.ActiveCfg = Release|Any CPU
		{3FAEE4D9-1542-4264-B89C-2251EBBFBD6C}.Release|Any CPU.Build.0 = Release|Any CPU
		{AEDBA1EA-B426-480A-8893-5E4C2ED6C761}.Debug|Any CPU.ActiveCfg = Debug|Any CPU
		{AEDBA1EA-B426-480A-8893-5E4C2ED6C761}.Debug|Any CPU.Build.0 = Debug|Any CPU
		{AEDBA1EA-B426-480A-8893-5E4C2ED6C761}.Release|Any CPU.ActiveCfg = Release|Any CPU
		{AEDBA1EA-B426-480A-8893-5E4C2ED6C761}.Release|Any CPU.Build.0 = Release|Any CPU
		{264312CF-A7BC-46D2-9794-87D1EDAA9B38}.Debug|Any CPU.ActiveCfg = Debug|Any CPU
		{264312CF-A7BC-46D2-9794-87D1EDAA9B38}.Debug|Any CPU.Build.0 = Debug|Any CPU
		{264312CF-A7BC-46D2-9794-87D1EDAA9B38}.Release|Any CPU.ActiveCfg = Release|Any CPU
		{264312CF-A7BC-46D2-9794-87D1EDAA9B38}.Release|Any CPU.Build.0 = Release|Any CPU
		{250C8604-7BC6-49E1-86D2-F2DFFD279333}.Debug|Any CPU.ActiveCfg = Debug|Any CPU
		{250C8604-7BC6-49E1-86D2-F2DFFD279333}.Debug|Any CPU.Build.0 = Debug|Any CPU
		{250C8604-7BC6-49E1-86D2-F2DFFD279333}.Release|Any CPU.ActiveCfg = Release|Any CPU
		{250C8604-7BC6-49E1-86D2-F2DFFD279333}.Release|Any CPU.Build.0 = Release|Any CPU
		{F345835A-0EC7-4EBD-ADDE-FD5199378593}.Debug|Any CPU.ActiveCfg = Debug|Any CPU
		{F345835A-0EC7-4EBD-ADDE-FD5199378593}.Debug|Any CPU.Build.0 = Debug|Any CPU
		{F345835A-0EC7-4EBD-ADDE-FD5199378593}.Release|Any CPU.ActiveCfg = Release|Any CPU
		{F345835A-0EC7-4EBD-ADDE-FD5199378593}.Release|Any CPU.Build.0 = Release|Any CPU
		{FC8AB729-A726-4AA0-83FA-D0D3E2BEBA72}.Debug|Any CPU.ActiveCfg = Debug|Any CPU
		{FC8AB729-A726-4AA0-83FA-D0D3E2BEBA72}.Debug|Any CPU.Build.0 = Debug|Any CPU
		{FC8AB729-A726-4AA0-83FA-D0D3E2BEBA72}.Release|Any CPU.ActiveCfg = Release|Any CPU
		{FC8AB729-A726-4AA0-83FA-D0D3E2BEBA72}.Release|Any CPU.Build.0 = Release|Any CPU
		{4F5D1E36-8948-412E-A5F7-616466A05A57}.Debug|Any CPU.ActiveCfg = Debug|Any CPU
		{4F5D1E36-8948-412E-A5F7-616466A05A57}.Debug|Any CPU.Build.0 = Debug|Any CPU
		{4F5D1E36-8948-412E-A5F7-616466A05A57}.Release|Any CPU.ActiveCfg = Release|Any CPU
		{4F5D1E36-8948-412E-A5F7-616466A05A57}.Release|Any CPU.Build.0 = Release|Any CPU
		{EEEFDCAE-9207-4271-95F2-5042752493BE}.Debug|Any CPU.ActiveCfg = Debug|Any CPU
		{EEEFDCAE-9207-4271-95F2-5042752493BE}.Debug|Any CPU.Build.0 = Debug|Any CPU
		{EEEFDCAE-9207-4271-95F2-5042752493BE}.Release|Any CPU.ActiveCfg = Release|Any CPU
		{EEEFDCAE-9207-4271-95F2-5042752493BE}.Release|Any CPU.Build.0 = Release|Any CPU
		{DF67EE4A-D5AE-4B1C-AC78-89BE210C9A8B}.Debug|Any CPU.ActiveCfg = Debug|Any CPU
		{DF67EE4A-D5AE-4B1C-AC78-89BE210C9A8B}.Debug|Any CPU.Build.0 = Debug|Any CPU
		{DF67EE4A-D5AE-4B1C-AC78-89BE210C9A8B}.Release|Any CPU.ActiveCfg = Release|Any CPU
		{DF67EE4A-D5AE-4B1C-AC78-89BE210C9A8B}.Release|Any CPU.Build.0 = Release|Any CPU
		{A7646A1E-2479-4ED4-A575-180F2949D9EA}.Debug|Any CPU.ActiveCfg = Debug|Any CPU
		{A7646A1E-2479-4ED4-A575-180F2949D9EA}.Debug|Any CPU.Build.0 = Debug|Any CPU
		{A7646A1E-2479-4ED4-A575-180F2949D9EA}.Release|Any CPU.ActiveCfg = Release|Any CPU
		{A7646A1E-2479-4ED4-A575-180F2949D9EA}.Release|Any CPU.Build.0 = Release|Any CPU
		{1AF554FF-7351-450A-9957-940D357795F5}.Debug|Any CPU.ActiveCfg = Debug|Any CPU
		{1AF554FF-7351-450A-9957-940D357795F5}.Debug|Any CPU.Build.0 = Debug|Any CPU
		{1AF554FF-7351-450A-9957-940D357795F5}.Release|Any CPU.ActiveCfg = Release|Any CPU
		{1AF554FF-7351-450A-9957-940D357795F5}.Release|Any CPU.Build.0 = Release|Any CPU
		{CCE607D8-DF48-4959-842F-DCF07D8FA38A}.Debug|Any CPU.ActiveCfg = Debug|Any CPU
		{CCE607D8-DF48-4959-842F-DCF07D8FA38A}.Debug|Any CPU.Build.0 = Debug|Any CPU
		{CCE607D8-DF48-4959-842F-DCF07D8FA38A}.Release|Any CPU.ActiveCfg = Release|Any CPU
		{CCE607D8-DF48-4959-842F-DCF07D8FA38A}.Release|Any CPU.Build.0 = Release|Any CPU
		{3178C244-D256-4942-A32A-0E223CA2DF91}.Debug|Any CPU.ActiveCfg = Debug|Any CPU
		{3178C244-D256-4942-A32A-0E223CA2DF91}.Debug|Any CPU.Build.0 = Debug|Any CPU
		{3178C244-D256-4942-A32A-0E223CA2DF91}.Release|Any CPU.ActiveCfg = Release|Any CPU
		{3178C244-D256-4942-A32A-0E223CA2DF91}.Release|Any CPU.Build.0 = Release|Any CPU
		{8259140C-99E7-4704-B94C-236BCB37D268}.Debug|Any CPU.ActiveCfg = Debug|Any CPU
		{8259140C-99E7-4704-B94C-236BCB37D268}.Debug|Any CPU.Build.0 = Debug|Any CPU
		{8259140C-99E7-4704-B94C-236BCB37D268}.Release|Any CPU.ActiveCfg = Release|Any CPU
		{8259140C-99E7-4704-B94C-236BCB37D268}.Release|Any CPU.Build.0 = Release|Any CPU
		{0D4D7018-7A89-45EF-A65D-37FBEE3721EF}.Debug|Any CPU.ActiveCfg = Debug|Any CPU
		{0D4D7018-7A89-45EF-A65D-37FBEE3721EF}.Debug|Any CPU.Build.0 = Debug|Any CPU
		{0D4D7018-7A89-45EF-A65D-37FBEE3721EF}.Release|Any CPU.ActiveCfg = Release|Any CPU
		{0D4D7018-7A89-45EF-A65D-37FBEE3721EF}.Release|Any CPU.Build.0 = Release|Any CPU
		{375F5B18-965E-4CE4-B964-7F5102730264}.Debug|Any CPU.ActiveCfg = Debug|Any CPU
		{375F5B18-965E-4CE4-B964-7F5102730264}.Debug|Any CPU.Build.0 = Debug|Any CPU
		{375F5B18-965E-4CE4-B964-7F5102730264}.Release|Any CPU.ActiveCfg = Release|Any CPU
		{375F5B18-965E-4CE4-B964-7F5102730264}.Release|Any CPU.Build.0 = Release|Any CPU
		{49347BE6-A7F7-4E7B-8054-CFAE4B6A7DBE}.Debug|Any CPU.ActiveCfg = Debug|Any CPU
		{49347BE6-A7F7-4E7B-8054-CFAE4B6A7DBE}.Debug|Any CPU.Build.0 = Debug|Any CPU
		{49347BE6-A7F7-4E7B-8054-CFAE4B6A7DBE}.Release|Any CPU.ActiveCfg = Release|Any CPU
		{49347BE6-A7F7-4E7B-8054-CFAE4B6A7DBE}.Release|Any CPU.Build.0 = Release|Any CPU
		{FA6425BF-E61A-4333-9BD1-B915CDC61562}.Debug|Any CPU.ActiveCfg = Debug|Any CPU
		{FA6425BF-E61A-4333-9BD1-B915CDC61562}.Debug|Any CPU.Build.0 = Debug|Any CPU
		{FA6425BF-E61A-4333-9BD1-B915CDC61562}.Release|Any CPU.ActiveCfg = Release|Any CPU
		{FA6425BF-E61A-4333-9BD1-B915CDC61562}.Release|Any CPU.Build.0 = Release|Any CPU
	EndGlobalSection
	GlobalSection(SolutionProperties) = preSolution
		HideSolutionNode = FALSE
	EndGlobalSection
	GlobalSection(ExtensibilityGlobals) = postSolution
		SolutionGuid = {91F45347-535A-438D-B918-27A2BFFEE443}
	EndGlobalSection
EndGlobal
